PODS:
  - Alamofire (4.7.3)
  - AlamofireImage (3.3.1):
    - Alamofire (~> 4.5)
  - Bolts/Tasks (1.9.0)
  - CameraManager (3.2.0)
  - Parse (1.17.1):
    - Parse/Core (= 1.17.1)
  - Parse/Core (1.17.1):
    - Bolts/Tasks (~> 1.9)
  - ParseUI (1.2.0):
    - Bolts/Tasks (~> 1.3)
    - Parse (~> 1.9)

DEPENDENCIES:
  - AlamofireImage (~> 3.3)
  - CameraManager (~> 3.2)
  - Parse
  - ParseUI

SPEC REPOS:
  https://github.com/cocoapods/specs.git:
    - Alamofire
    - AlamofireImage
    - Bolts
    - CameraManager
    - Parse
    - ParseUI

SPEC CHECKSUMS:
  Alamofire: c7287b6e5d7da964a70935e5db17046b7fde6568
  AlamofireImage: 3b35b586853abaf94ca1250f4e94cff3c21a4c0d
  Bolts: ac6567323eac61e203f6a9763667d0f711be34c8
  CameraManager: 2207f57b8da175a8e4d26d405d68201ad54189a6
  Parse: d3edaf8c7c722cb33cb83ba7821d015ae32d362d
  ParseUI: 2b37a0bc692a3e7666cf0c37b5521dfddd74a1af

PODFILE CHECKSUM: 46a86629ac342c02b17993ac621b2bbc3e92fd4a

COCOAPODS: 1.5.3
