// !$*UTF8*$!
{
	archiveVersion = 1;
	classes = {
	};
	objectVersion = 50;
	objects = {

/* Begin PBXBuildFile section */
		3BF0D607D0E9F25FEA3A0E9E /* Pods_GroupProject.framework in Frameworks */ = {isa = PBXBuildFile; fileRef = 7A05102E9F795231A6AB881F /* Pods_GroupProject.framework */; };
		A40E54D321630975002D14FE /* AppDelegate.swift in Sources */ = {isa = PBXBuildFile; fileRef = A40E54D221630975002D14FE /* AppDelegate.swift */; };
		A40E54D521630975002D14FE /* ViewController.swift in Sources */ = {isa = PBXBuildFile; fileRef = A40E54D421630975002D14FE /* ViewController.swift */; };
		A40E54D821630975002D14FE /* Main.storyboard in Resources */ = {isa = PBXBuildFile; fileRef = A40E54D621630975002D14FE /* Main.storyboard */; };
		A40E54DA21630979002D14FE /* Assets.xcassets in Resources */ = {isa = PBXBuildFile; fileRef = A40E54D921630979002D14FE /* Assets.xcassets */; };
		A40E54DD21630979002D14FE /* LaunchScreen.storyboard in Resources */ = {isa = PBXBuildFile; fileRef = A40E54DB21630979002D14FE /* LaunchScreen.storyboard */; };
		A40E54E821630979002D14FE /* GroupProjectTests.swift in Sources */ = {isa = PBXBuildFile; fileRef = A40E54E721630979002D14FE /* GroupProjectTests.swift */; };
		A40E54F321630979002D14FE /* GroupProjectUITests.swift in Sources */ = {isa = PBXBuildFile; fileRef = A40E54F221630979002D14FE /* GroupProjectUITests.swift */; };
		A455E143217830ED00309076 /* Post.swift in Sources */ = {isa = PBXBuildFile; fileRef = A455E142217830ED00309076 /* Post.swift */; };
		A455E146217834C400309076 /* PostTableViewCell.swift in Sources */ = {isa = PBXBuildFile; fileRef = A455E145217834C400309076 /* PostTableViewCell.swift */; };
		A455E14821784DCF00309076 /* Showtime.swift in Sources */ = {isa = PBXBuildFile; fileRef = A455E14721784DCF00309076 /* Showtime.swift */; };
		A455E14A2178774800309076 /* DetailViewController.swift in Sources */ = {isa = PBXBuildFile; fileRef = A455E1492178774800309076 /* DetailViewController.swift */; };
		A4CA05442178262600563881 /* LogInViewController.swift in Sources */ = {isa = PBXBuildFile; fileRef = A4CA05432178262600563881 /* LogInViewController.swift */; };
		A4CA05462178282D00563881 /* HomeViewController.swift in Sources */ = {isa = PBXBuildFile; fileRef = A4CA05452178282D00563881 /* HomeViewController.swift */; };
		A4FA84852179C5CE004C64E8 /* ChatRoomViewController.swift in Sources */ = {isa = PBXBuildFile; fileRef = A4FA84842179C5CE004C64E8 /* ChatRoomViewController.swift */; };
		A4FA84872179DC96004C64E8 /* ChatTableViewCell.swift in Sources */ = {isa = PBXBuildFile; fileRef = A4FA84862179DC96004C64E8 /* ChatTableViewCell.swift */; };
		A8A345A3441BBE0C7CA5229A /* Pods_GroupProjectTests.framework in Frameworks */ = {isa = PBXBuildFile; fileRef = 93D76FC181079B25B03E293B /* Pods_GroupProjectTests.framework */; };
		DD00D94F7570523B45058195 /* Pods_GroupProjectUITests.framework in Frameworks */ = {isa = PBXBuildFile; fileRef = 1DF4A1B390772A03A5EC5BCD /* Pods_GroupProjectUITests.framework */; };
/* End PBXBuildFile section */

/* Begin PBXContainerItemProxy section */
		A40E54E421630979002D14FE /* PBXContainerItemProxy */ = {
			isa = PBXContainerItemProxy;
			containerPortal = A40E54C721630975002D14FE /* Project object */;
			proxyType = 1;
			remoteGlobalIDString = A40E54CE21630975002D14FE;
			remoteInfo = GroupProject;
		};
		A40E54EF21630979002D14FE /* PBXContainerItemProxy */ = {
			isa = PBXContainerItemProxy;
			containerPortal = A40E54C721630975002D14FE /* Project object */;
			proxyType = 1;
			remoteGlobalIDString = A40E54CE21630975002D14FE;
			remoteInfo = GroupProject;
		};
/* End PBXContainerItemProxy section */

/* Begin PBXFileReference section */
		0C64FA7A1B0C19ADED73EECF /* Pods-GroupProjectTests.release.xcconfig */ = {isa = PBXFileReference; includeInIndex = 1; lastKnownFileType = text.xcconfig; name = "Pods-GroupProjectTests.release.xcconfig"; path = "Pods/Target Support Files/Pods-GroupProjectTests/Pods-GroupProjectTests.release.xcconfig"; sourceTree = "<group>"; };
		1077DCBCE77F0D259229D99F /* Pods-GroupProjectUITests.release.xcconfig */ = {isa = PBXFileReference; includeInIndex = 1; lastKnownFileType = text.xcconfig; name = "Pods-GroupProjectUITests.release.xcconfig"; path = "Pods/Target Support Files/Pods-GroupProjectUITests/Pods-GroupProjectUITests.release.xcconfig"; sourceTree = "<group>"; };
		1DF4A1B390772A03A5EC5BCD /* Pods_GroupProjectUITests.framework */ = {isa = PBXFileReference; explicitFileType = wrapper.framework; includeInIndex = 0; path = Pods_GroupProjectUITests.framework; sourceTree = BUILT_PRODUCTS_DIR; };
		3308B6448DF7D4B2C3618A50 /* Pods-GroupProject.release.xcconfig */ = {isa = PBXFileReference; includeInIndex = 1; lastKnownFileType = text.xcconfig; name = "Pods-GroupProject.release.xcconfig"; path = "Pods/Target Support Files/Pods-GroupProject/Pods-GroupProject.release.xcconfig"; sourceTree = "<group>"; };
		41907124898E0E5492492776 /* Pods-GroupProjectUITests.debug.xcconfig */ = {isa = PBXFileReference; includeInIndex = 1; lastKnownFileType = text.xcconfig; name = "Pods-GroupProjectUITests.debug.xcconfig"; path = "Pods/Target Support Files/Pods-GroupProjectUITests/Pods-GroupProjectUITests.debug.xcconfig"; sourceTree = "<group>"; };
		4ADACC3BF2B13AEF48491EB5 /* Pods-GroupProjectTests.debug.xcconfig */ = {isa = PBXFileReference; includeInIndex = 1; lastKnownFileType = text.xcconfig; name = "Pods-GroupProjectTests.debug.xcconfig"; path = "Pods/Target Support Files/Pods-GroupProjectTests/Pods-GroupProjectTests.debug.xcconfig"; sourceTree = "<group>"; };
		7A05102E9F795231A6AB881F /* Pods_GroupProject.framework */ = {isa = PBXFileReference; explicitFileType = wrapper.framework; includeInIndex = 0; path = Pods_GroupProject.framework; sourceTree = BUILT_PRODUCTS_DIR; };
		93D76FC181079B25B03E293B /* Pods_GroupProjectTests.framework */ = {isa = PBXFileReference; explicitFileType = wrapper.framework; includeInIndex = 0; path = Pods_GroupProjectTests.framework; sourceTree = BUILT_PRODUCTS_DIR; };
		A40E54CF21630975002D14FE /* GroupProject.app */ = {isa = PBXFileReference; explicitFileType = wrapper.application; includeInIndex = 0; path = GroupProject.app; sourceTree = BUILT_PRODUCTS_DIR; };
		A40E54D221630975002D14FE /* AppDelegate.swift */ = {isa = PBXFileReference; lastKnownFileType = sourcecode.swift; path = AppDelegate.swift; sourceTree = "<group>"; };
		A40E54D421630975002D14FE /* ViewController.swift */ = {isa = PBXFileReference; lastKnownFileType = sourcecode.swift; path = ViewController.swift; sourceTree = "<group>"; };
		A40E54D721630975002D14FE /* Base */ = {isa = PBXFileReference; lastKnownFileType = file.storyboard; name = Base; path = Base.lproj/Main.storyboard; sourceTree = "<group>"; };
		A40E54D921630979002D14FE /* Assets.xcassets */ = {isa = PBXFileReference; lastKnownFileType = folder.assetcatalog; path = Assets.xcassets; sourceTree = "<group>"; };
		A40E54DC21630979002D14FE /* Base */ = {isa = PBXFileReference; lastKnownFileType = file.storyboard; name = Base; path = Base.lproj/LaunchScreen.storyboard; sourceTree = "<group>"; };
		A40E54DE21630979002D14FE /* Info.plist */ = {isa = PBXFileReference; lastKnownFileType = text.plist.xml; path = Info.plist; sourceTree = "<group>"; };
		A40E54E321630979002D14FE /* GroupProjectTests.xctest */ = {isa = PBXFileReference; explicitFileType = wrapper.cfbundle; includeInIndex = 0; path = GroupProjectTests.xctest; sourceTree = BUILT_PRODUCTS_DIR; };
		A40E54E721630979002D14FE /* GroupProjectTests.swift */ = {isa = PBXFileReference; lastKnownFileType = sourcecode.swift; path = GroupProjectTests.swift; sourceTree = "<group>"; };
		A40E54E921630979002D14FE /* Info.plist */ = {isa = PBXFileReference; lastKnownFileType = text.plist.xml; path = Info.plist; sourceTree = "<group>"; };
		A40E54EE21630979002D14FE /* GroupProjectUITests.xctest */ = {isa = PBXFileReference; explicitFileType = wrapper.cfbundle; includeInIndex = 0; path = GroupProjectUITests.xctest; sourceTree = BUILT_PRODUCTS_DIR; };
		A40E54F221630979002D14FE /* GroupProjectUITests.swift */ = {isa = PBXFileReference; lastKnownFileType = sourcecode.swift; path = GroupProjectUITests.swift; sourceTree = "<group>"; };
		A40E54F421630979002D14FE /* Info.plist */ = {isa = PBXFileReference; lastKnownFileType = text.plist.xml; path = Info.plist; sourceTree = "<group>"; };
		A455E142217830ED00309076 /* Post.swift */ = {isa = PBXFileReference; lastKnownFileType = sourcecode.swift; path = Post.swift; sourceTree = "<group>"; };
		A455E145217834C400309076 /* PostTableViewCell.swift */ = {isa = PBXFileReference; lastKnownFileType = sourcecode.swift; path = PostTableViewCell.swift; sourceTree = "<group>"; };
		A455E14721784DCF00309076 /* Showtime.swift */ = {isa = PBXFileReference; fileEncoding = 4; lastKnownFileType = sourcecode.swift; path = Showtime.swift; sourceTree = "<group>"; };
		A455E1492178774800309076 /* DetailViewController.swift */ = {isa = PBXFileReference; lastKnownFileType = sourcecode.swift; path = DetailViewController.swift; sourceTree = "<group>"; };
		A4CA05432178262600563881 /* LogInViewController.swift */ = {isa = PBXFileReference; lastKnownFileType = sourcecode.swift; path = LogInViewController.swift; sourceTree = "<group>"; };
		A4CA05452178282D00563881 /* HomeViewController.swift */ = {isa = PBXFileReference; lastKnownFileType = sourcecode.swift; path = HomeViewController.swift; sourceTree = "<group>"; };
		A4FA84842179C5CE004C64E8 /* ChatRoomViewController.swift */ = {isa = PBXFileReference; lastKnownFileType = sourcecode.swift; path = ChatRoomViewController.swift; sourceTree = "<group>"; };
		A4FA84862179DC96004C64E8 /* ChatTableViewCell.swift */ = {isa = PBXFileReference; lastKnownFileType = sourcecode.swift; path = ChatTableViewCell.swift; sourceTree = "<group>"; };
		AAC6173253D0F1D8F871C038 /* Pods-GroupProject.debug.xcconfig */ = {isa = PBXFileReference; includeInIndex = 1; lastKnownFileType = text.xcconfig; name = "Pods-GroupProject.debug.xcconfig"; path = "Pods/Target Support Files/Pods-GroupProject/Pods-GroupProject.debug.xcconfig"; sourceTree = "<group>"; };
/* End PBXFileReference section */

/* Begin PBXFrameworksBuildPhase section */
		A40E54CC21630975002D14FE /* Frameworks */ = {
			isa = PBXFrameworksBuildPhase;
			buildActionMask = 2147483647;
			files = (
				3BF0D607D0E9F25FEA3A0E9E /* Pods_GroupProject.framework in Frameworks */,
			);
			runOnlyForDeploymentPostprocessing = 0;
		};
		A40E54E021630979002D14FE /* Frameworks */ = {
			isa = PBXFrameworksBuildPhase;
			buildActionMask = 2147483647;
			files = (
				A8A345A3441BBE0C7CA5229A /* Pods_GroupProjectTests.framework in Frameworks */,
			);
			runOnlyForDeploymentPostprocessing = 0;
		};
		A40E54EB21630979002D14FE /* Frameworks */ = {
			isa = PBXFrameworksBuildPhase;
			buildActionMask = 2147483647;
			files = (
				DD00D94F7570523B45058195 /* Pods_GroupProjectUITests.framework in Frameworks */,
			);
			runOnlyForDeploymentPostprocessing = 0;
		};
/* End PBXFrameworksBuildPhase section */

/* Begin PBXGroup section */
		2DAE1DA8B3B541B1971E72C0 /* Frameworks */ = {
			isa = PBXGroup;
			children = (
				7A05102E9F795231A6AB881F /* Pods_GroupProject.framework */,
				93D76FC181079B25B03E293B /* Pods_GroupProjectTests.framework */,
				1DF4A1B390772A03A5EC5BCD /* Pods_GroupProjectUITests.framework */,
			);
			name = Frameworks;
			sourceTree = "<group>";
		};
		7593F067A9E39D9C18E6C438 /* Pods */ = {
			isa = PBXGroup;
			children = (
				AAC6173253D0F1D8F871C038 /* Pods-GroupProject.debug.xcconfig */,
				3308B6448DF7D4B2C3618A50 /* Pods-GroupProject.release.xcconfig */,
				4ADACC3BF2B13AEF48491EB5 /* Pods-GroupProjectTests.debug.xcconfig */,
				0C64FA7A1B0C19ADED73EECF /* Pods-GroupProjectTests.release.xcconfig */,
				41907124898E0E5492492776 /* Pods-GroupProjectUITests.debug.xcconfig */,
				1077DCBCE77F0D259229D99F /* Pods-GroupProjectUITests.release.xcconfig */,
			);
			name = Pods;
			sourceTree = "<group>";
		};
		A40E54C621630975002D14FE = {
			isa = PBXGroup;
			children = (
				A40E54D121630975002D14FE /* GroupProject */,
				A40E54E621630979002D14FE /* GroupProjectTests */,
				A40E54F121630979002D14FE /* GroupProjectUITests */,
				A40E54D021630975002D14FE /* Products */,
				7593F067A9E39D9C18E6C438 /* Pods */,
				2DAE1DA8B3B541B1971E72C0 /* Frameworks */,
			);
			sourceTree = "<group>";
		};
		A40E54D021630975002D14FE /* Products */ = {
			isa = PBXGroup;
			children = (
				A40E54CF21630975002D14FE /* GroupProject.app */,
				A40E54E321630979002D14FE /* GroupProjectTests.xctest */,
				A40E54EE21630979002D14FE /* GroupProjectUITests.xctest */,
			);
			name = Products;
			sourceTree = "<group>";
		};
		A40E54D121630975002D14FE /* GroupProject */ = {
			isa = PBXGroup;
			children = (
				A455E1442178349100309076 /* Cell */,
				A455E141217830C900309076 /* Model */,
				A40E54D221630975002D14FE /* AppDelegate.swift */,
				A40E54D421630975002D14FE /* ViewController.swift */,
				A40E54D621630975002D14FE /* Main.storyboard */,
				A40E54D921630979002D14FE /* Assets.xcassets */,
				A40E54DB21630979002D14FE /* LaunchScreen.storyboard */,
				A40E54DE21630979002D14FE /* Info.plist */,
				A4CA05432178262600563881 /* LogInViewController.swift */,
				A4FA84842179C5CE004C64E8 /* ChatRoomViewController.swift */,
				A4CA05452178282D00563881 /* HomeViewController.swift */,
				A455E14721784DCF00309076 /* Showtime.swift */,
				A455E1492178774800309076 /* DetailViewController.swift */,
			);
			path = GroupProject;
			sourceTree = "<group>";
		};
		A40E54E621630979002D14FE /* GroupProjectTests */ = {
			isa = PBXGroup;
			children = (
				A40E54E721630979002D14FE /* GroupProjectTests.swift */,
				A40E54E921630979002D14FE /* Info.plist */,
			);
			path = GroupProjectTests;
			sourceTree = "<group>";
		};
		A40E54F121630979002D14FE /* GroupProjectUITests */ = {
			isa = PBXGroup;
			children = (
				A40E54F221630979002D14FE /* GroupProjectUITests.swift */,
				A40E54F421630979002D14FE /* Info.plist */,
			);
			path = GroupProjectUITests;
			sourceTree = "<group>";
		};
		A455E141217830C900309076 /* Model */ = {
			isa = PBXGroup;
			children = (
				A455E142217830ED00309076 /* Post.swift */,
			);
			path = Model;
			sourceTree = "<group>";
		};
		A455E1442178349100309076 /* Cell */ = {
			isa = PBXGroup;
			children = (
				A4FA84862179DC96004C64E8 /* ChatTableViewCell.swift */,
				A455E145217834C400309076 /* PostTableViewCell.swift */,
			);
			path = Cell;
			sourceTree = "<group>";
		};
/* End PBXGroup section */

/* Begin PBXNativeTarget section */
		A40E54CE21630975002D14FE /* GroupProject */ = {
			isa = PBXNativeTarget;
			buildConfigurationList = A40E54F721630979002D14FE /* Build configuration list for PBXNativeTarget "GroupProject" */;
			buildPhases = (
				430D46AB40994893451EED20 /* [CP] Check Pods Manifest.lock */,
				A40E54CB21630975002D14FE /* Sources */,
				A40E54CC21630975002D14FE /* Frameworks */,
				A40E54CD21630975002D14FE /* Resources */,
				5A5242739480E87594971C3A /* [CP] Embed Pods Frameworks */,
			);
			buildRules = (
			);
			dependencies = (
			);
			name = GroupProject;
			productName = GroupProject;
			productReference = A40E54CF21630975002D14FE /* GroupProject.app */;
			productType = "com.apple.product-type.application";
		};
		A40E54E221630979002D14FE /* GroupProjectTests */ = {
			isa = PBXNativeTarget;
			buildConfigurationList = A40E54FA21630979002D14FE /* Build configuration list for PBXNativeTarget "GroupProjectTests" */;
			buildPhases = (
				168792733B6655F2F3C91D10 /* [CP] Check Pods Manifest.lock */,
				A40E54DF21630979002D14FE /* Sources */,
				A40E54E021630979002D14FE /* Frameworks */,
				A40E54E121630979002D14FE /* Resources */,
			);
			buildRules = (
			);
			dependencies = (
				A40E54E521630979002D14FE /* PBXTargetDependency */,
			);
			name = GroupProjectTests;
			productName = GroupProjectTests;
			productReference = A40E54E321630979002D14FE /* GroupProjectTests.xctest */;
			productType = "com.apple.product-type.bundle.unit-test";
		};
		A40E54ED21630979002D14FE /* GroupProjectUITests */ = {
			isa = PBXNativeTarget;
			buildConfigurationList = A40E54FD21630979002D14FE /* Build configuration list for PBXNativeTarget "GroupProjectUITests" */;
			buildPhases = (
				38FE85B14293E671B9676C40 /* [CP] Check Pods Manifest.lock */,
				A40E54EA21630979002D14FE /* Sources */,
				A40E54EB21630979002D14FE /* Frameworks */,
				A40E54EC21630979002D14FE /* Resources */,
			);
			buildRules = (
			);
			dependencies = (
				A40E54F021630979002D14FE /* PBXTargetDependency */,
			);
			name = GroupProjectUITests;
			productName = GroupProjectUITests;
			productReference = A40E54EE21630979002D14FE /* GroupProjectUITests.xctest */;
			productType = "com.apple.product-type.bundle.ui-testing";
		};
/* End PBXNativeTarget section */

/* Begin PBXProject section */
		A40E54C721630975002D14FE /* Project object */ = {
			isa = PBXProject;
			attributes = {
				LastSwiftUpdateCheck = 0940;
				LastUpgradeCheck = 0940;
				ORGANIZATIONNAME = "SiuChun Kung";
				TargetAttributes = {
					A40E54CE21630975002D14FE = {
						CreatedOnToolsVersion = 9.4.1;
					};
					A40E54E221630979002D14FE = {
						CreatedOnToolsVersion = 9.4.1;
						TestTargetID = A40E54CE21630975002D14FE;
					};
					A40E54ED21630979002D14FE = {
						CreatedOnToolsVersion = 9.4.1;
						TestTargetID = A40E54CE21630975002D14FE;
					};
				};
			};
			buildConfigurationList = A40E54CA21630975002D14FE /* Build configuration list for PBXProject "GroupProject" */;
			compatibilityVersion = "Xcode 9.3";
			developmentRegion = en;
			hasScannedForEncodings = 0;
			knownRegions = (
				en,
				Base,
			);
			mainGroup = A40E54C621630975002D14FE;
			productRefGroup = A40E54D021630975002D14FE /* Products */;
			projectDirPath = "";
			projectRoot = "";
			targets = (
				A40E54CE21630975002D14FE /* GroupProject */,
				A40E54E221630979002D14FE /* GroupProjectTests */,
				A40E54ED21630979002D14FE /* GroupProjectUITests */,
			);
		};
/* End PBXProject section */

/* Begin PBXResourcesBuildPhase section */
		A40E54CD21630975002D14FE /* Resources */ = {
			isa = PBXResourcesBuildPhase;
			buildActionMask = 2147483647;
			files = (
				A40E54DD21630979002D14FE /* LaunchScreen.storyboard in Resources */,
				A40E54DA21630979002D14FE /* Assets.xcassets in Resources */,
				A40E54D821630975002D14FE /* Main.storyboard in Resources */,
			);
			runOnlyForDeploymentPostprocessing = 0;
		};
		A40E54E121630979002D14FE /* Resources */ = {
			isa = PBXResourcesBuildPhase;
			buildActionMask = 2147483647;
			files = (
			);
			runOnlyForDeploymentPostprocessing = 0;
		};
		A40E54EC21630979002D14FE /* Resources */ = {
			isa = PBXResourcesBuildPhase;
			buildActionMask = 2147483647;
			files = (
			);
			runOnlyForDeploymentPostprocessing = 0;
		};
/* End PBXResourcesBuildPhase section */

/* Begin PBXShellScriptBuildPhase section */
		168792733B6655F2F3C91D10 /* [CP] Check Pods Manifest.lock */ = {
			isa = PBXShellScriptBuildPhase;
			buildActionMask = 2147483647;
			files = (
			);
			inputFileListPaths = (
			);
			inputPaths = (
				"${PODS_PODFILE_DIR_PATH}/Podfile.lock",
				"${PODS_ROOT}/Manifest.lock",
			);
			name = "[CP] Check Pods Manifest.lock";
			outputFileListPaths = (
			);
			outputPaths = (
				"$(DERIVED_FILE_DIR)/Pods-GroupProjectTests-checkManifestLockResult.txt",
			);
			runOnlyForDeploymentPostprocessing = 0;
			shellPath = /bin/sh;
			shellScript = "diff \"${PODS_PODFILE_DIR_PATH}/Podfile.lock\" \"${PODS_ROOT}/Manifest.lock\" > /dev/null\nif [ $? != 0 ] ; then\n    # print error to STDERR\n    echo \"error: The sandbox is not in sync with the Podfile.lock. Run 'pod install' or update your CocoaPods installation.\" >&2\n    exit 1\nfi\n# This output is used by Xcode 'outputs' to avoid re-running this script phase.\necho \"SUCCESS\" > \"${SCRIPT_OUTPUT_FILE_0}\"\n";
			showEnvVarsInLog = 0;
		};
		38FE85B14293E671B9676C40 /* [CP] Check Pods Manifest.lock */ = {
			isa = PBXShellScriptBuildPhase;
			buildActionMask = 2147483647;
			files = (
			);
			inputFileListPaths = (
			);
			inputPaths = (
				"${PODS_PODFILE_DIR_PATH}/Podfile.lock",
				"${PODS_ROOT}/Manifest.lock",
			);
			name = "[CP] Check Pods Manifest.lock";
			outputFileListPaths = (
			);
			outputPaths = (
				"$(DERIVED_FILE_DIR)/Pods-GroupProjectUITests-checkManifestLockResult.txt",
			);
			runOnlyForDeploymentPostprocessing = 0;
			shellPath = /bin/sh;
			shellScript = "diff \"${PODS_PODFILE_DIR_PATH}/Podfile.lock\" \"${PODS_ROOT}/Manifest.lock\" > /dev/null\nif [ $? != 0 ] ; then\n    # print error to STDERR\n    echo \"error: The sandbox is not in sync with the Podfile.lock. Run 'pod install' or update your CocoaPods installation.\" >&2\n    exit 1\nfi\n# This output is used by Xcode 'outputs' to avoid re-running this script phase.\necho \"SUCCESS\" > \"${SCRIPT_OUTPUT_FILE_0}\"\n";
			showEnvVarsInLog = 0;
		};
		430D46AB40994893451EED20 /* [CP] Check Pods Manifest.lock */ = {
			isa = PBXShellScriptBuildPhase;
			buildActionMask = 2147483647;
			files = (
			);
			inputFileListPaths = (
			);
			inputPaths = (
				"${PODS_PODFILE_DIR_PATH}/Podfile.lock",
				"${PODS_ROOT}/Manifest.lock",
			);
			name = "[CP] Check Pods Manifest.lock";
			outputFileListPaths = (
			);
			outputPaths = (
				"$(DERIVED_FILE_DIR)/Pods-GroupProject-checkManifestLockResult.txt",
			);
			runOnlyForDeploymentPostprocessing = 0;
			shellPath = /bin/sh;
			shellScript = "diff \"${PODS_PODFILE_DIR_PATH}/Podfile.lock\" \"${PODS_ROOT}/Manifest.lock\" > /dev/null\nif [ $? != 0 ] ; then\n    # print error to STDERR\n    echo \"error: The sandbox is not in sync with the Podfile.lock. Run 'pod install' or update your CocoaPods installation.\" >&2\n    exit 1\nfi\n# This output is used by Xcode 'outputs' to avoid re-running this script phase.\necho \"SUCCESS\" > \"${SCRIPT_OUTPUT_FILE_0}\"\n";
			showEnvVarsInLog = 0;
		};
		5A5242739480E87594971C3A /* [CP] Embed Pods Frameworks */ = {
			isa = PBXShellScriptBuildPhase;
			buildActionMask = 2147483647;
			files = (
			);
			inputFileListPaths = (
			);
			inputPaths = (
				"${SRCROOT}/Pods/Target Support Files/Pods-GroupProject/Pods-GroupProject-frameworks.sh",
				"${BUILT_PRODUCTS_DIR}/Alamofire/Alamofire.framework",
				"${BUILT_PRODUCTS_DIR}/AlamofireImage/AlamofireImage.framework",
				"${BUILT_PRODUCTS_DIR}/Bolts/Bolts.framework",
				"${BUILT_PRODUCTS_DIR}/CameraManager/CameraManager.framework",
				"${BUILT_PRODUCTS_DIR}/MBProgressHUD/MBProgressHUD.framework",
				"${BUILT_PRODUCTS_DIR}/Parse/Parse.framework",
				"${BUILT_PRODUCTS_DIR}/ParseUI/ParseUI.framework",
			);
			name = "[CP] Embed Pods Frameworks";
			outputFileListPaths = (
			);
			outputPaths = (
				"${TARGET_BUILD_DIR}/${FRAMEWORKS_FOLDER_PATH}/Alamofire.framework",
				"${TARGET_BUILD_DIR}/${FRAMEWORKS_FOLDER_PATH}/AlamofireImage.framework",
				"${TARGET_BUILD_DIR}/${FRAMEWORKS_FOLDER_PATH}/Bolts.framework",
				"${TARGET_BUILD_DIR}/${FRAMEWORKS_FOLDER_PATH}/CameraManager.framework",
				"${TARGET_BUILD_DIR}/${FRAMEWORKS_FOLDER_PATH}/MBProgressHUD.framework",
				"${TARGET_BUILD_DIR}/${FRAMEWORKS_FOLDER_PATH}/Parse.framework",
				"${TARGET_BUILD_DIR}/${FRAMEWORKS_FOLDER_PATH}/ParseUI.framework",
			);
			runOnlyForDeploymentPostprocessing = 0;
			shellPath = /bin/sh;
			shellScript = "\"${SRCROOT}/Pods/Target Support Files/Pods-GroupProject/Pods-GroupProject-frameworks.sh\"\n";
			showEnvVarsInLog = 0;
		};
/* End PBXShellScriptBuildPhase section */

/* Begin PBXSourcesBuildPhase section */
		A40E54CB21630975002D14FE /* Sources */ = {
			isa = PBXSourcesBuildPhase;
			buildActionMask = 2147483647;
			files = (
				A455E14821784DCF00309076 /* Showtime.swift in Sources */,
				A40E54D521630975002D14FE /* ViewController.swift in Sources */,
				A40E54D321630975002D14FE /* AppDelegate.swift in Sources */,
				A4CA05442178262600563881 /* LogInViewController.swift in Sources */,
				A4CA05462178282D00563881 /* HomeViewController.swift in Sources */,
				A4FA84872179DC96004C64E8 /* ChatTableViewCell.swift in Sources */,
				A455E143217830ED00309076 /* Post.swift in Sources */,
				A455E146217834C400309076 /* PostTableViewCell.swift in Sources */,
				A455E14A2178774800309076 /* DetailViewController.swift in Sources */,
				A4FA84852179C5CE004C64E8 /* ChatRoomViewController.swift in Sources */,
			);
			runOnlyForDeploymentPostprocessing = 0;
		};
		A40E54DF21630979002D14FE /* Sources */ = {
			isa = PBXSourcesBuildPhase;
			buildActionMask = 2147483647;
			files = (
				A40E54E821630979002D14FE /* GroupProjectTests.swift in Sources */,
			);
			runOnlyForDeploymentPostprocessing = 0;
		};
		A40E54EA21630979002D14FE /* Sources */ = {
			isa = PBXSourcesBuildPhase;
			buildActionMask = 2147483647;
			files = (
				A40E54F321630979002D14FE /* GroupProjectUITests.swift in Sources */,
			);
			runOnlyForDeploymentPostprocessing = 0;
		};
/* End PBXSourcesBuildPhase section */

/* Begin PBXTargetDependency section */
		A40E54E521630979002D14FE /* PBXTargetDependency */ = {
			isa = PBXTargetDependency;
			target = A40E54CE21630975002D14FE /* GroupProject */;
			targetProxy = A40E54E421630979002D14FE /* PBXContainerItemProxy */;
		};
		A40E54F021630979002D14FE /* PBXTargetDependency */ = {
			isa = PBXTargetDependency;
			target = A40E54CE21630975002D14FE /* GroupProject */;
			targetProxy = A40E54EF21630979002D14FE /* PBXContainerItemProxy */;
		};
/* End PBXTargetDependency section */

/* Begin PBXVariantGroup section */
		A40E54D621630975002D14FE /* Main.storyboard */ = {
			isa = PBXVariantGroup;
			children = (
				A40E54D721630975002D14FE /* Base */,
			);
			name = Main.storyboard;
			sourceTree = "<group>";
		};
		A40E54DB21630979002D14FE /* LaunchScreen.storyboard */ = {
			isa = PBXVariantGroup;
			children = (
				A40E54DC21630979002D14FE /* Base */,
			);
			name = LaunchScreen.storyboard;
			sourceTree = "<group>";
		};
/* End PBXVariantGroup section */

/* Begin XCBuildConfiguration section */
		A40E54F521630979002D14FE /* Debug */ = {
			isa = XCBuildConfiguration;
			buildSettings = {
				ALWAYS_SEARCH_USER_PATHS = NO;
				CLANG_ANALYZER_NONNULL = YES;
				CLANG_ANALYZER_NUMBER_OBJECT_CONVERSION = YES_AGGRESSIVE;
				CLANG_CXX_LANGUAGE_STANDARD = "gnu++14";
				CLANG_CXX_LIBRARY = "libc++";
				CLANG_ENABLE_MODULES = YES;
				CLANG_ENABLE_OBJC_ARC = YES;
				CLANG_ENABLE_OBJC_WEAK = YES;
				CLANG_WARN_BLOCK_CAPTURE_AUTORELEASING = YES;
				CLANG_WARN_BOOL_CONVERSION = YES;
				CLANG_WARN_COMMA = YES;
				CLANG_WARN_CONSTANT_CONVERSION = YES;
				CLANG_WARN_DEPRECATED_OBJC_IMPLEMENTATIONS = YES;
				CLANG_WARN_DIRECT_OBJC_ISA_USAGE = YES_ERROR;
				CLANG_WARN_DOCUMENTATION_COMMENTS = YES;
				CLANG_WARN_EMPTY_BODY = YES;
				CLANG_WARN_ENUM_CONVERSION = YES;
				CLANG_WARN_INFINITE_RECURSION = YES;
				CLANG_WARN_INT_CONVERSION = YES;
				CLANG_WARN_NON_LITERAL_NULL_CONVERSION = YES;
				CLANG_WARN_OBJC_IMPLICIT_RETAIN_SELF = YES;
				CLANG_WARN_OBJC_LITERAL_CONVERSION = YES;
				CLANG_WARN_OBJC_ROOT_CLASS = YES_ERROR;
				CLANG_WARN_RANGE_LOOP_ANALYSIS = YES;
				CLANG_WARN_STRICT_PROTOTYPES = YES;
				CLANG_WARN_SUSPICIOUS_MOVE = YES;
				CLANG_WARN_UNGUARDED_AVAILABILITY = YES_AGGRESSIVE;
				CLANG_WARN_UNREACHABLE_CODE = YES;
				CLANG_WARN__DUPLICATE_METHOD_MATCH = YES;
				CODE_SIGN_IDENTITY = "iPhone Developer";
				COPY_PHASE_STRIP = NO;
				DEBUG_INFORMATION_FORMAT = dwarf;
				ENABLE_STRICT_OBJC_MSGSEND = YES;
				ENABLE_TESTABILITY = YES;
				GCC_C_LANGUAGE_STANDARD = gnu11;
				GCC_DYNAMIC_NO_PIC = NO;
				GCC_NO_COMMON_BLOCKS = YES;
				GCC_OPTIMIZATION_LEVEL = 0;
				GCC_PREPROCESSOR_DEFINITIONS = (
					"DEBUG=1",
					"$(inherited)",
				);
				GCC_WARN_64_TO_32_BIT_CONVERSION = YES;
				GCC_WARN_ABOUT_RETURN_TYPE = YES_ERROR;
				GCC_WARN_UNDECLARED_SELECTOR = YES;
				GCC_WARN_UNINITIALIZED_AUTOS = YES_AGGRESSIVE;
				GCC_WARN_UNUSED_FUNCTION = YES;
				GCC_WARN_UNUSED_VARIABLE = YES;
				IPHONEOS_DEPLOYMENT_TARGET = 11.4;
				MTL_ENABLE_DEBUG_INFO = YES;
				ONLY_ACTIVE_ARCH = YES;
				SDKROOT = iphoneos;
				SWIFT_ACTIVE_COMPILATION_CONDITIONS = DEBUG;
				SWIFT_OPTIMIZATION_LEVEL = "-Onone";
			};
			name = Debug;
		};
		A40E54F621630979002D14FE /* Release */ = {
			isa = XCBuildConfiguration;
			buildSettings = {
				ALWAYS_SEARCH_USER_PATHS = NO;
				CLANG_ANALYZER_NONNULL = YES;
				CLANG_ANALYZER_NUMBER_OBJECT_CONVERSION = YES_AGGRESSIVE;
				CLANG_CXX_LANGUAGE_STANDARD = "gnu++14";
				CLANG_CXX_LIBRARY = "libc++";
				CLANG_ENABLE_MODULES = YES;
				CLANG_ENABLE_OBJC_ARC = YES;
				CLANG_ENABLE_OBJC_WEAK = YES;
				CLANG_WARN_BLOCK_CAPTURE_AUTORELEASING = YES;
				CLANG_WARN_BOOL_CONVERSION = YES;
				CLANG_WARN_COMMA = YES;
				CLANG_WARN_CONSTANT_CONVERSION = YES;
				CLANG_WARN_DEPRECATED_OBJC_IMPLEMENTATIONS = YES;
				CLANG_WARN_DIRECT_OBJC_ISA_USAGE = YES_ERROR;
				CLANG_WARN_DOCUMENTATION_COMMENTS = YES;
				CLANG_WARN_EMPTY_BODY = YES;
				CLANG_WARN_ENUM_CONVERSION = YES;
				CLANG_WARN_INFINITE_RECURSION = YES;
				CLANG_WARN_INT_CONVERSION = YES;
				CLANG_WARN_NON_LITERAL_NULL_CONVERSION = YES;
				CLANG_WARN_OBJC_IMPLICIT_RETAIN_SELF = YES;
				CLANG_WARN_OBJC_LITERAL_CONVERSION = YES;
				CLANG_WARN_OBJC_ROOT_CLASS = YES_ERROR;
				CLANG_WARN_RANGE_LOOP_ANALYSIS = YES;
				CLANG_WARN_STRICT_PROTOTYPES = YES;
				CLANG_WARN_SUSPICIOUS_MOVE = YES;
				CLANG_WARN_UNGUARDED_AVAILABILITY = YES_AGGRESSIVE;
				CLANG_WARN_UNREACHABLE_CODE = YES;
				CLANG_WARN__DUPLICATE_METHOD_MATCH = YES;
				CODE_SIGN_IDENTITY = "iPhone Developer";
				COPY_PHASE_STRIP = NO;
				DEBUG_INFORMATION_FORMAT = "dwarf-with-dsym";
				ENABLE_NS_ASSERTIONS = NO;
				ENABLE_STRICT_OBJC_MSGSEND = YES;
				GCC_C_LANGUAGE_STANDARD = gnu11;
				GCC_NO_COMMON_BLOCKS = YES;
				GCC_WARN_64_TO_32_BIT_CONVERSION = YES;
				GCC_WARN_ABOUT_RETURN_TYPE = YES_ERROR;
				GCC_WARN_UNDECLARED_SELECTOR = YES;
				GCC_WARN_UNINITIALIZED_AUTOS = YES_AGGRESSIVE;
				GCC_WARN_UNUSED_FUNCTION = YES;
				GCC_WARN_UNUSED_VARIABLE = YES;
				IPHONEOS_DEPLOYMENT_TARGET = 11.4;
				MTL_ENABLE_DEBUG_INFO = NO;
				SDKROOT = iphoneos;
				SWIFT_COMPILATION_MODE = wholemodule;
				SWIFT_OPTIMIZATION_LEVEL = "-O";
				VALIDATE_PRODUCT = YES;
			};
			name = Release;
		};
		A40E54F821630979002D14FE /* Debug */ = {
			isa = XCBuildConfiguration;
			baseConfigurationReference = AAC6173253D0F1D8F871C038 /* Pods-GroupProject.debug.xcconfig */;
			buildSettings = {
				ASSETCATALOG_COMPILER_APPICON_NAME = AppIcon;
				CODE_SIGN_STYLE = Automatic;
				INFOPLIST_FILE = GroupProject/Info.plist;
				LD_RUNPATH_SEARCH_PATHS = (
					"$(inherited)",
					"@executable_path/Frameworks",
				);
				PRODUCT_BUNDLE_IDENTIFIER = "g--.GroupProject";
				PRODUCT_NAME = "$(TARGET_NAME)";
				SWIFT_VERSION = 4.0;
				TARGETED_DEVICE_FAMILY = "1,2";
			};
			name = Debug;
		};
		A40E54F921630979002D14FE /* Release */ = {
			isa = XCBuildConfiguration;
			baseConfigurationReference = 3308B6448DF7D4B2C3618A50 /* Pods-GroupProject.release.xcconfig */;
			buildSettings = {
				ASSETCATALOG_COMPILER_APPICON_NAME = AppIcon;
				CODE_SIGN_STYLE = Automatic;
				INFOPLIST_FILE = GroupProject/Info.plist;
				LD_RUNPATH_SEARCH_PATHS = (
					"$(inherited)",
					"@executable_path/Frameworks",
				);
				PRODUCT_BUNDLE_IDENTIFIER = "g--.GroupProject";
				PRODUCT_NAME = "$(TARGET_NAME)";
				SWIFT_VERSION = 4.0;
				TARGETED_DEVICE_FAMILY = "1,2";
			};
			name = Release;
		};
		A40E54FB21630979002D14FE /* Debug */ = {
			isa = XCBuildConfiguration;
			baseConfigurationReference = 4ADACC3BF2B13AEF48491EB5 /* Pods-GroupProjectTests.debug.xcconfig */;
			buildSettings = {
				ALWAYS_EMBED_SWIFT_STANDARD_LIBRARIES = YES;
				BUNDLE_LOADER = "$(TEST_HOST)";
				CODE_SIGN_STYLE = Automatic;
				INFOPLIST_FILE = GroupProjectTests/Info.plist;
				LD_RUNPATH_SEARCH_PATHS = (
					"$(inherited)",
					"@executable_path/Frameworks",
					"@loader_path/Frameworks",
				);
				PRODUCT_BUNDLE_IDENTIFIER = "g--.GroupProjectTests";
				PRODUCT_NAME = "$(TARGET_NAME)";
				SWIFT_VERSION = 4.0;
				TARGETED_DEVICE_FAMILY = "1,2";
				TEST_HOST = "$(BUILT_PRODUCTS_DIR)/GroupProject.app/GroupProject";
			};
			name = Debug;
		};
		A40E54FC21630979002D14FE /* Release */ = {
			isa = XCBuildConfiguration;
			baseConfigurationReference = 0C64FA7A1B0C19ADED73EECF /* Pods-GroupProjectTests.release.xcconfig */;
			buildSettings = {
				ALWAYS_EMBED_SWIFT_STANDARD_LIBRARIES = YES;
				BUNDLE_LOADER = "$(TEST_HOST)";
				CODE_SIGN_STYLE = Automatic;
				INFOPLIST_FILE = GroupProjectTests/Info.plist;
				LD_RUNPATH_SEARCH_PATHS = (
					"$(inherited)",
					"@executable_path/Frameworks",
					"@loader_path/Frameworks",
				);
				PRODUCT_BUNDLE_IDENTIFIER = "g--.GroupProjectTests";
				PRODUCT_NAME = "$(TARGET_NAME)";
				SWIFT_VERSION = 4.0;
				TARGETED_DEVICE_FAMILY = "1,2";
				TEST_HOST = "$(BUILT_PRODUCTS_DIR)/GroupProject.app/GroupProject";
			};
			name = Release;
		};
		A40E54FE21630979002D14FE /* Debug */ = {
			isa = XCBuildConfiguration;
			baseConfigurationReference = 41907124898E0E5492492776 /* Pods-GroupProjectUITests.debug.xcconfig */;
			buildSettings = {
				ALWAYS_EMBED_SWIFT_STANDARD_LIBRARIES = YES;
				CODE_SIGN_STYLE = Automatic;
				INFOPLIST_FILE = GroupProjectUITests/Info.plist;
				LD_RUNPATH_SEARCH_PATHS = (
					"$(inherited)",
					"@executable_path/Frameworks",
					"@loader_path/Frameworks",
				);
				PRODUCT_BUNDLE_IDENTIFIER = "g--.GroupProjectUITests";
				PRODUCT_NAME = "$(TARGET_NAME)";
				SWIFT_VERSION = 4.0;
				TARGETED_DEVICE_FAMILY = "1,2";
				TEST_TARGET_NAME = GroupProject;
			};
			name = Debug;
		};
		A40E54FF21630979002D14FE /* Release */ = {
			isa = XCBuildConfiguration;
			baseConfigurationReference = 1077DCBCE77F0D259229D99F /* Pods-GroupProjectUITests.release.xcconfig */;
			buildSettings = {
				ALWAYS_EMBED_SWIFT_STANDARD_LIBRARIES = YES;
				CODE_SIGN_STYLE = Automatic;
				INFOPLIST_FILE = GroupProjectUITests/Info.plist;
				LD_RUNPATH_SEARCH_PATHS = (
					"$(inherited)",
					"@executable_path/Frameworks",
					"@loader_path/Frameworks",
				);
				PRODUCT_BUNDLE_IDENTIFIER = "g--.GroupProjectUITests";
				PRODUCT_NAME = "$(TARGET_NAME)";
				SWIFT_VERSION = 4.0;
				TARGETED_DEVICE_FAMILY = "1,2";
				TEST_TARGET_NAME = GroupProject;
			};
			name = Release;
		};
/* End XCBuildConfiguration section */

/* Begin XCConfigurationList section */
		A40E54CA21630975002D14FE /* Build configuration list for PBXProject "GroupProject" */ = {
			isa = XCConfigurationList;
			buildConfigurations = (
				A40E54F521630979002D14FE /* Debug */,
				A40E54F621630979002D14FE /* Release */,
			);
			defaultConfigurationIsVisible = 0;
			defaultConfigurationName = Release;
		};
		A40E54F721630979002D14FE /* Build configuration list for PBXNativeTarget "GroupProject" */ = {
			isa = XCConfigurationList;
			buildConfigurations = (
				A40E54F821630979002D14FE /* Debug */,
				A40E54F921630979002D14FE /* Release */,
			);
			defaultConfigurationIsVisible = 0;
			defaultConfigurationName = Release;
		};
		A40E54FA21630979002D14FE /* Build configuration list for PBXNativeTarget "GroupProjectTests" */ = {
			isa = XCConfigurationList;
			buildConfigurations = (
				A40E54FB21630979002D14FE /* Debug */,
				A40E54FC21630979002D14FE /* Release */,
			);
			defaultConfigurationIsVisible = 0;
			defaultConfigurationName = Release;
		};
		A40E54FD21630979002D14FE /* Build configuration list for PBXNativeTarget "GroupProjectUITests" */ = {
			isa = XCConfigurationList;
			buildConfigurations = (
				A40E54FE21630979002D14FE /* Debug */,
				A40E54FF21630979002D14FE /* Release */,
			);
			defaultConfigurationIsVisible = 0;
			defaultConfigurationName = Release;
		};
/* End XCConfigurationList section */
	};
	rootObject = A40E54C721630975002D14FE /* Project object */;
}
